// !$*UTF8*$!
{
	archiveVersion = 1;
	classes = {
	};
	objectVersion = 46;
	objects = {

/* Begin PBXBuildFile section */
		3182E0241BB6F54C00521D7C /* AppDelegate.swift in Sources */ = {isa = PBXBuildFile; fileRef = 3182E0231BB6F54C00521D7C /* AppDelegate.swift */; };
		3182E0261BB6F54C00521D7C /* ViewController.swift in Sources */ = {isa = PBXBuildFile; fileRef = 3182E0251BB6F54C00521D7C /* ViewController.swift */; };
		3182E0291BB6F54C00521D7C /* Main.storyboard in Resources */ = {isa = PBXBuildFile; fileRef = 3182E0271BB6F54C00521D7C /* Main.storyboard */; };
		3182E02B1BB6F54C00521D7C /* Assets.xcassets in Resources */ = {isa = PBXBuildFile; fileRef = 3182E02A1BB6F54C00521D7C /* Assets.xcassets */; };
		3182E0391BB6F54C00521D7C /* SeatMeTests.swift in Sources */ = {isa = PBXBuildFile; fileRef = 3182E0381BB6F54C00521D7C /* SeatMeTests.swift */; };
		3182E0441BB6F54C00521D7C /* SeatMeUITests.swift in Sources */ = {isa = PBXBuildFile; fileRef = 3182E0431BB6F54C00521D7C /* SeatMeUITests.swift */; };
		3182E0541BB6FD8E00521D7C /* MapKit.framework in Frameworks */ = {isa = PBXBuildFile; fileRef = 3182E0531BB6FD8E00521D7C /* MapKit.framework */; };
		3182E0561BB7013E00521D7C /* CoreLocation.framework in Frameworks */ = {isa = PBXBuildFile; fileRef = 3182E0551BB7013E00521D7C /* CoreLocation.framework */; };
		3182E05A1BB711A600521D7C /* Seat.swift in Sources */ = {isa = PBXBuildFile; fileRef = 3182E0591BB711A600521D7C /* Seat.swift */; settings = {ASSET_TAGS = (); }; };
		3182E05C1BB724DE00521D7C /* Library.swift in Sources */ = {isa = PBXBuildFile; fileRef = 3182E05B1BB724DE00521D7C /* Library.swift */; settings = {ASSET_TAGS = (); }; };
		3182E0641BB757E900521D7C /* Launch Screen.storyboard in Resources */ = {isa = PBXBuildFile; fileRef = 3182E0631BB757E900521D7C /* Launch Screen.storyboard */; settings = {ASSET_TAGS = (); }; };
		3182E0661BB77A2D00521D7C /* Floor 1.png in Resources */ = {isa = PBXBuildFile; fileRef = 3182E0651BB77A2D00521D7C /* Floor 1.png */; settings = {ASSET_TAGS = (); }; };
		3182E06A1BB77A5000521D7C /* Floor 2.png in Resources */ = {isa = PBXBuildFile; fileRef = 3182E0671BB77A5000521D7C /* Floor 2.png */; settings = {ASSET_TAGS = (); }; };
		3182E06B1BB77A5000521D7C /* Floor 3.png in Resources */ = {isa = PBXBuildFile; fileRef = 3182E0681BB77A5000521D7C /* Floor 3.png */; settings = {ASSET_TAGS = (); }; };
		3182E06C1BB77A5000521D7C /* Floor 4.png in Resources */ = {isa = PBXBuildFile; fileRef = 3182E0691BB77A5000521D7C /* Floor 4.png */; settings = {ASSET_TAGS = (); }; };
		3182E06E1BB77A7200521D7C /* Chair.png in Resources */ = {isa = PBXBuildFile; fileRef = 3182E06D1BB77A7200521D7C /* Chair.png */; settings = {ASSET_TAGS = (); }; };
		3182E0721BB7A6B800521D7C /* Library.jpeg in Resources */ = {isa = PBXBuildFile; fileRef = 3182E0701BB7A6B800521D7C /* Library.jpeg */; settings = {ASSET_TAGS = (); }; };
		3182E0731BB7A6B800521D7C /* CULC.jpeg in Resources */ = {isa = PBXBuildFile; fileRef = 3182E0711BB7A6B800521D7C /* CULC.jpeg */; settings = {ASSET_TAGS = (); }; };
/* End PBXBuildFile section */

/* Begin PBXContainerItemProxy section */
		3182E0351BB6F54C00521D7C /* PBXContainerItemProxy */ = {
			isa = PBXContainerItemProxy;
			containerPortal = 3182E0181BB6F54C00521D7C /* Project object */;
			proxyType = 1;
			remoteGlobalIDString = 3182E01F1BB6F54C00521D7C;
			remoteInfo = SeatMe;
		};
		3182E0401BB6F54C00521D7C /* PBXContainerItemProxy */ = {
			isa = PBXContainerItemProxy;
			containerPortal = 3182E0181BB6F54C00521D7C /* Project object */;
			proxyType = 1;
			remoteGlobalIDString = 3182E01F1BB6F54C00521D7C;
			remoteInfo = SeatMe;
		};
/* End PBXContainerItemProxy section */

/* Begin PBXFileReference section */
		3182E0201BB6F54C00521D7C /* SeatMe.app */ = {isa = PBXFileReference; explicitFileType = wrapper.application; includeInIndex = 0; path = SeatMe.app; sourceTree = BUILT_PRODUCTS_DIR; };
		3182E0231BB6F54C00521D7C /* AppDelegate.swift */ = {isa = PBXFileReference; lastKnownFileType = sourcecode.swift; path = AppDelegate.swift; sourceTree = "<group>"; };
		3182E0251BB6F54C00521D7C /* ViewController.swift */ = {isa = PBXFileReference; lastKnownFileType = sourcecode.swift; path = ViewController.swift; sourceTree = "<group>"; };
		3182E0281BB6F54C00521D7C /* Base */ = {isa = PBXFileReference; lastKnownFileType = file.storyboard; name = Base; path = Base.lproj/Main.storyboard; sourceTree = "<group>"; };
		3182E02A1BB6F54C00521D7C /* Assets.xcassets */ = {isa = PBXFileReference; lastKnownFileType = folder.assetcatalog; path = Assets.xcassets; sourceTree = "<group>"; };
		3182E02F1BB6F54C00521D7C /* Info.plist */ = {isa = PBXFileReference; lastKnownFileType = text.plist.xml; path = Info.plist; sourceTree = "<group>"; };
		3182E0341BB6F54C00521D7C /* SeatMeTests.xctest */ = {isa = PBXFileReference; explicitFileType = wrapper.cfbundle; includeInIndex = 0; path = SeatMeTests.xctest; sourceTree = BUILT_PRODUCTS_DIR; };
		3182E0381BB6F54C00521D7C /* SeatMeTests.swift */ = {isa = PBXFileReference; lastKnownFileType = sourcecode.swift; path = SeatMeTests.swift; sourceTree = "<group>"; };
		3182E03A1BB6F54C00521D7C /* Info.plist */ = {isa = PBXFileReference; lastKnownFileType = text.plist.xml; path = Info.plist; sourceTree = "<group>"; };
		3182E03F1BB6F54C00521D7C /* SeatMeUITests.xctest */ = {isa = PBXFileReference; explicitFileType = wrapper.cfbundle; includeInIndex = 0; path = SeatMeUITests.xctest; sourceTree = BUILT_PRODUCTS_DIR; };
		3182E0431BB6F54C00521D7C /* SeatMeUITests.swift */ = {isa = PBXFileReference; lastKnownFileType = sourcecode.swift; path = SeatMeUITests.swift; sourceTree = "<group>"; };
		3182E0451BB6F54C00521D7C /* Info.plist */ = {isa = PBXFileReference; lastKnownFileType = text.plist.xml; path = Info.plist; sourceTree = "<group>"; };
		3182E0531BB6FD8E00521D7C /* MapKit.framework */ = {isa = PBXFileReference; lastKnownFileType = wrapper.framework; name = MapKit.framework; path = System/Library/Frameworks/MapKit.framework; sourceTree = SDKROOT; };
		3182E0551BB7013E00521D7C /* CoreLocation.framework */ = {isa = PBXFileReference; lastKnownFileType = wrapper.framework; name = CoreLocation.framework; path = System/Library/Frameworks/CoreLocation.framework; sourceTree = SDKROOT; };
		3182E0591BB711A600521D7C /* Seat.swift */ = {isa = PBXFileReference; fileEncoding = 4; lastKnownFileType = sourcecode.swift; path = Seat.swift; sourceTree = "<group>"; };
		3182E05B1BB724DE00521D7C /* Library.swift */ = {isa = PBXFileReference; fileEncoding = 4; lastKnownFileType = sourcecode.swift; path = Library.swift; sourceTree = "<group>"; };
		3182E0631BB757E900521D7C /* Launch Screen.storyboard */ = {isa = PBXFileReference; fileEncoding = 4; lastKnownFileType = file.storyboard; path = "Launch Screen.storyboard"; sourceTree = "<group>"; };
		3182E0651BB77A2D00521D7C /* Floor 1.png */ = {isa = PBXFileReference; lastKnownFileType = image.png; path = "Floor 1.png"; sourceTree = "<group>"; };
		3182E0671BB77A5000521D7C /* Floor 2.png */ = {isa = PBXFileReference; lastKnownFileType = image.png; path = "Floor 2.png"; sourceTree = "<group>"; };
		3182E0681BB77A5000521D7C /* Floor 3.png */ = {isa = PBXFileReference; lastKnownFileType = image.png; path = "Floor 3.png"; sourceTree = "<group>"; };
		3182E0691BB77A5000521D7C /* Floor 4.png */ = {isa = PBXFileReference; lastKnownFileType = image.png; path = "Floor 4.png"; sourceTree = "<group>"; };
		3182E06D1BB77A7200521D7C /* Chair.png */ = {isa = PBXFileReference; lastKnownFileType = image.png; path = Chair.png; sourceTree = "<group>"; };
		3182E0701BB7A6B800521D7C /* Library.jpeg */ = {isa = PBXFileReference; lastKnownFileType = image.jpeg; path = Library.jpeg; sourceTree = "<group>"; };
		3182E0711BB7A6B800521D7C /* CULC.jpeg */ = {isa = PBXFileReference; lastKnownFileType = image.jpeg; path = CULC.jpeg; sourceTree = "<group>"; };
/* End PBXFileReference section */

/* Begin PBXFrameworksBuildPhase section */
		3182E01D1BB6F54C00521D7C /* Frameworks */ = {
			isa = PBXFrameworksBuildPhase;
			buildActionMask = 2147483647;
			files = (
				3182E0561BB7013E00521D7C /* CoreLocation.framework in Frameworks */,
				3182E0541BB6FD8E00521D7C /* MapKit.framework in Frameworks */,
			);
			runOnlyForDeploymentPostprocessing = 0;
		};
		3182E0311BB6F54C00521D7C /* Frameworks */ = {
			isa = PBXFrameworksBuildPhase;
			buildActionMask = 2147483647;
			files = (
			);
			runOnlyForDeploymentPostprocessing = 0;
		};
		3182E03C1BB6F54C00521D7C /* Frameworks */ = {
			isa = PBXFrameworksBuildPhase;
			buildActionMask = 2147483647;
			files = (
			);
			runOnlyForDeploymentPostprocessing = 0;
		};
/* End PBXFrameworksBuildPhase section */

/* Begin PBXGroup section */
		3182E0171BB6F54C00521D7C = {
			isa = PBXGroup;
			children = (
				3182E0551BB7013E00521D7C /* CoreLocation.framework */,
				3182E0531BB6FD8E00521D7C /* MapKit.framework */,
				3182E0221BB6F54C00521D7C /* SeatMe */,
				3182E0371BB6F54C00521D7C /* SeatMeTests */,
				3182E0421BB6F54C00521D7C /* SeatMeUITests */,
				3182E0211BB6F54C00521D7C /* Products */,
			);
			sourceTree = "<group>";
		};
		3182E0211BB6F54C00521D7C /* Products */ = {
			isa = PBXGroup;
			children = (
				3182E0201BB6F54C00521D7C /* SeatMe.app */,
				3182E0341BB6F54C00521D7C /* SeatMeTests.xctest */,
				3182E03F1BB6F54C00521D7C /* SeatMeUITests.xctest */,
			);
			name = Products;
			sourceTree = "<group>";
		};
		3182E0221BB6F54C00521D7C /* SeatMe */ = {
			isa = PBXGroup;
			children = (
				3182E0231BB6F54C00521D7C /* AppDelegate.swift */,
				3182E0591BB711A600521D7C /* Seat.swift */,
				3182E05B1BB724DE00521D7C /* Library.swift */,
				3182E0251BB6F54C00521D7C /* ViewController.swift */,
				3182E06F1BB7A60900521D7C /* Pictures */,
				3182E0271BB6F54C00521D7C /* Main.storyboard */,
				3182E0631BB757E900521D7C /* Launch Screen.storyboard */,
				3182E02A1BB6F54C00521D7C /* Assets.xcassets */,
				3182E02F1BB6F54C00521D7C /* Info.plist */,
			);
			path = SeatMe;
			sourceTree = "<group>";
		};
		3182E0371BB6F54C00521D7C /* SeatMeTests */ = {
			isa = PBXGroup;
			children = (
				3182E0381BB6F54C00521D7C /* SeatMeTests.swift */,
				3182E03A1BB6F54C00521D7C /* Info.plist */,
			);
			path = SeatMeTests;
			sourceTree = "<group>";
		};
		3182E0421BB6F54C00521D7C /* SeatMeUITests */ = {
			isa = PBXGroup;
			children = (
				3182E0431BB6F54C00521D7C /* SeatMeUITests.swift */,
				3182E0451BB6F54C00521D7C /* Info.plist */,
			);
			path = SeatMeUITests;
			sourceTree = "<group>";
		};
		3182E06F1BB7A60900521D7C /* Pictures */ = {
			isa = PBXGroup;
			children = (
				3182E0701BB7A6B800521D7C /* Library.jpeg */,
				3182E0711BB7A6B800521D7C /* CULC.jpeg */,
				3182E06D1BB77A7200521D7C /* Chair.png */,
				3182E0651BB77A2D00521D7C /* Floor 1.png */,
				3182E0671BB77A5000521D7C /* Floor 2.png */,
				3182E0681BB77A5000521D7C /* Floor 3.png */,
				3182E0691BB77A5000521D7C /* Floor 4.png */,
			);
			name = Pictures;
			sourceTree = "<group>";
		};
/* End PBXGroup section */

/* Begin PBXNativeTarget section */
		3182E01F1BB6F54C00521D7C /* SeatMe */ = {
			isa = PBXNativeTarget;
			buildConfigurationList = 3182E0481BB6F54C00521D7C /* Build configuration list for PBXNativeTarget "SeatMe" */;
			buildPhases = (
				3182E01C1BB6F54C00521D7C /* Sources */,
				3182E01D1BB6F54C00521D7C /* Frameworks */,
				3182E01E1BB6F54C00521D7C /* Resources */,
			);
			buildRules = (
			);
			dependencies = (
			);
			name = SeatMe;
			productName = SeatMe;
			productReference = 3182E0201BB6F54C00521D7C /* SeatMe.app */;
			productType = "com.apple.product-type.application";
		};
		3182E0331BB6F54C00521D7C /* SeatMeTests */ = {
			isa = PBXNativeTarget;
			buildConfigurationList = 3182E04B1BB6F54C00521D7C /* Build configuration list for PBXNativeTarget "SeatMeTests" */;
			buildPhases = (
				3182E0301BB6F54C00521D7C /* Sources */,
				3182E0311BB6F54C00521D7C /* Frameworks */,
				3182E0321BB6F54C00521D7C /* Resources */,
			);
			buildRules = (
			);
			dependencies = (
				3182E0361BB6F54C00521D7C /* PBXTargetDependency */,
			);
			name = SeatMeTests;
			productName = SeatMeTests;
			productReference = 3182E0341BB6F54C00521D7C /* SeatMeTests.xctest */;
			productType = "com.apple.product-type.bundle.unit-test";
		};
		3182E03E1BB6F54C00521D7C /* SeatMeUITests */ = {
			isa = PBXNativeTarget;
			buildConfigurationList = 3182E04E1BB6F54C00521D7C /* Build configuration list for PBXNativeTarget "SeatMeUITests" */;
			buildPhases = (
				3182E03B1BB6F54C00521D7C /* Sources */,
				3182E03C1BB6F54C00521D7C /* Frameworks */,
				3182E03D1BB6F54C00521D7C /* Resources */,
			);
			buildRules = (
			);
			dependencies = (
				3182E0411BB6F54C00521D7C /* PBXTargetDependency */,
			);
			name = SeatMeUITests;
			productName = SeatMeUITests;
			productReference = 3182E03F1BB6F54C00521D7C /* SeatMeUITests.xctest */;
			productType = "com.apple.product-type.bundle.ui-testing";
		};
/* End PBXNativeTarget section */

/* Begin PBXProject section */
		3182E0181BB6F54C00521D7C /* Project object */ = {
			isa = PBXProject;
			attributes = {
				LastUpgradeCheck = 0700;
				ORGANIZATIONNAME = "LiLTuna, LLC";
				TargetAttributes = {
					3182E01F1BB6F54C00521D7C = {
						CreatedOnToolsVersion = 7.0;
					};
					3182E0331BB6F54C00521D7C = {
						CreatedOnToolsVersion = 7.0;
						TestTargetID = 3182E01F1BB6F54C00521D7C;
					};
					3182E03E1BB6F54C00521D7C = {
						CreatedOnToolsVersion = 7.0;
						TestTargetID = 3182E01F1BB6F54C00521D7C;
					};
				};
			};
			buildConfigurationList = 3182E01B1BB6F54C00521D7C /* Build configuration list for PBXProject "SeatMe" */;
			compatibilityVersion = "Xcode 3.2";
			developmentRegion = English;
			hasScannedForEncodings = 0;
			knownRegions = (
				en,
				Base,
			);
			mainGroup = 3182E0171BB6F54C00521D7C;
			productRefGroup = 3182E0211BB6F54C00521D7C /* Products */;
			projectDirPath = "";
			projectRoot = "";
			targets = (
				3182E01F1BB6F54C00521D7C /* SeatMe */,
				3182E0331BB6F54C00521D7C /* SeatMeTests */,
				3182E03E1BB6F54C00521D7C /* SeatMeUITests */,
			);
		};
/* End PBXProject section */

/* Begin PBXResourcesBuildPhase section */
		3182E01E1BB6F54C00521D7C /* Resources */ = {
			isa = PBXResourcesBuildPhase;
			buildActionMask = 2147483647;
			files = (
				3182E06A1BB77A5000521D7C /* Floor 2.png in Resources */,
				3182E02B1BB6F54C00521D7C /* Assets.xcassets in Resources */,
				3182E0731BB7A6B800521D7C /* CULC.jpeg in Resources */,
				3182E06B1BB77A5000521D7C /* Floor 3.png in Resources */,
				3182E06C1BB77A5000521D7C /* Floor 4.png in Resources */,
				3182E0641BB757E900521D7C /* Launch Screen.storyboard in Resources */,
				3182E0291BB6F54C00521D7C /* Main.storyboard in Resources */,
				3182E0721BB7A6B800521D7C /* Library.jpeg in Resources */,
				3182E06E1BB77A7200521D7C /* Chair.png in Resources */,
				3182E0661BB77A2D00521D7C /* Floor 1.png in Resources */,
			);
			runOnlyForDeploymentPostprocessing = 0;
		};
		3182E0321BB6F54C00521D7C /* Resources */ = {
			isa = PBXResourcesBuildPhase;
			buildActionMask = 2147483647;
			files = (
			);
			runOnlyForDeploymentPostprocessing = 0;
		};
		3182E03D1BB6F54C00521D7C /* Resources */ = {
			isa = PBXResourcesBuildPhase;
			buildActionMask = 2147483647;
			files = (
			);
			runOnlyForDeploymentPostprocessing = 0;
		};
/* End PBXResourcesBuildPhase section */

/* Begin PBXSourcesBuildPhase section */
		3182E01C1BB6F54C00521D7C /* Sources */ = {
			isa = PBXSourcesBuildPhase;
			buildActionMask = 2147483647;
			files = (
				3182E0261BB6F54C00521D7C /* ViewController.swift in Sources */,
				3182E05C1BB724DE00521D7C /* Library.swift in Sources */,
				3182E0241BB6F54C00521D7C /* AppDelegate.swift in Sources */,
				3182E05A1BB711A600521D7C /* Seat.swift in Sources */,
			);
			runOnlyForDeploymentPostprocessing = 0;
		};
		3182E0301BB6F54C00521D7C /* Sources */ = {
			isa = PBXSourcesBuildPhase;
			buildActionMask = 2147483647;
			files = (
				3182E0391BB6F54C00521D7C /* SeatMeTests.swift in Sources */,
			);
			runOnlyForDeploymentPostprocessing = 0;
		};
		3182E03B1BB6F54C00521D7C /* Sources */ = {
			isa = PBXSourcesBuildPhase;
			buildActionMask = 2147483647;
			files = (
				3182E0441BB6F54C00521D7C /* SeatMeUITests.swift in Sources */,
			);
			runOnlyForDeploymentPostprocessing = 0;
		};
/* End PBXSourcesBuildPhase section */

/* Begin PBXTargetDependency section */
		3182E0361BB6F54C00521D7C /* PBXTargetDependency */ = {
			isa = PBXTargetDependency;
			target = 3182E01F1BB6F54C00521D7C /* SeatMe */;
			targetProxy = 3182E0351BB6F54C00521D7C /* PBXContainerItemProxy */;
		};
		3182E0411BB6F54C00521D7C /* PBXTargetDependency */ = {
			isa = PBXTargetDependency;
			target = 3182E01F1BB6F54C00521D7C /* SeatMe */;
			targetProxy = 3182E0401BB6F54C00521D7C /* PBXContainerItemProxy */;
		};
/* End PBXTargetDependency section */

/* Begin PBXVariantGroup section */
		3182E0271BB6F54C00521D7C /* Main.storyboard */ = {
			isa = PBXVariantGroup;
			children = (
				3182E0281BB6F54C00521D7C /* Base */,
			);
			name = Main.storyboard;
			sourceTree = "<group>";
		};
/* End PBXVariantGroup section */

/* Begin XCBuildConfiguration section */
		3182E0461BB6F54C00521D7C /* Debug */ = {
			isa = XCBuildConfiguration;
			buildSettings = {
				ALWAYS_SEARCH_USER_PATHS = NO;
				CLANG_CXX_LANGUAGE_STANDARD = "gnu++0x";
				CLANG_CXX_LIBRARY = "libc++";
				CLANG_ENABLE_MODULES = YES;
				CLANG_ENABLE_OBJC_ARC = YES;
				CLANG_WARN_BOOL_CONVERSION = YES;
				CLANG_WARN_CONSTANT_CONVERSION = YES;
				CLANG_WARN_DIRECT_OBJC_ISA_USAGE = YES_ERROR;
				CLANG_WARN_EMPTY_BODY = YES;
				CLANG_WARN_ENUM_CONVERSION = YES;
				CLANG_WARN_INT_CONVERSION = YES;
				CLANG_WARN_OBJC_ROOT_CLASS = YES_ERROR;
				CLANG_WARN_UNREACHABLE_CODE = YES;
				CLANG_WARN__DUPLICATE_METHOD_MATCH = YES;
				"CODE_SIGN_IDENTITY[sdk=iphoneos*]" = "iPhone Developer";
				COPY_PHASE_STRIP = NO;
				DEBUG_INFORMATION_FORMAT = dwarf;
				ENABLE_STRICT_OBJC_MSGSEND = YES;
				ENABLE_TESTABILITY = YES;
				GCC_C_LANGUAGE_STANDARD = gnu99;
				GCC_DYNAMIC_NO_PIC = NO;
				GCC_NO_COMMON_BLOCKS = YES;
				GCC_OPTIMIZATION_LEVEL = 0;
				GCC_PREPROCESSOR_DEFINITIONS = (
					"DEBUG=1",
					"$(inherited)",
				);
				GCC_WARN_64_TO_32_BIT_CONVERSION = YES;
				GCC_WARN_ABOUT_RETURN_TYPE = YES_ERROR;
				GCC_WARN_UNDECLARED_SELECTOR = YES;
				GCC_WARN_UNINITIALIZED_AUTOS = YES_AGGRESSIVE;
				GCC_WARN_UNUSED_FUNCTION = YES;
				GCC_WARN_UNUSED_VARIABLE = YES;
				IPHONEOS_DEPLOYMENT_TARGET = 9.0;
				MTL_ENABLE_DEBUG_INFO = YES;
				ONLY_ACTIVE_ARCH = YES;
				SDKROOT = iphoneos;
				SWIFT_OPTIMIZATION_LEVEL = "-Onone";
				TARGETED_DEVICE_FAMILY = "1,2";
			};
			name = Debug;
		};
		3182E0471BB6F54C00521D7C /* Release */ = {
			isa = XCBuildConfiguration;
			buildSettings = {
				ALWAYS_SEARCH_USER_PATHS = NO;
				CLANG_CXX_LANGUAGE_STANDARD = "gnu++0x";
				CLANG_CXX_LIBRARY = "libc++";
				CLANG_ENABLE_MODULES = YES;
				CLANG_ENABLE_OBJC_ARC = YES;
				CLANG_WARN_BOOL_CONVERSION = YES;
				CLANG_WARN_CONSTANT_CONVERSION = YES;
				CLANG_WARN_DIRECT_OBJC_ISA_USAGE = YES_ERROR;
				CLANG_WARN_EMPTY_BODY = YES;
				CLANG_WARN_ENUM_CONVERSION = YES;
				CLANG_WARN_INT_CONVERSION = YES;
				CLANG_WARN_OBJC_ROOT_CLASS = YES_ERROR;
				CLANG_WARN_UNREACHABLE_CODE = YES;
				CLANG_WARN__DUPLICATE_METHOD_MATCH = YES;
				"CODE_SIGN_IDENTITY[sdk=iphoneos*]" = "iPhone Developer";
				COPY_PHASE_STRIP = NO;
				DEBUG_INFORMATION_FORMAT = "dwarf-with-dsym";
				ENABLE_NS_ASSERTIONS = NO;
				ENABLE_STRICT_OBJC_MSGSEND = YES;
				GCC_C_LANGUAGE_STANDARD = gnu99;
				GCC_NO_COMMON_BLOCKS = YES;
				GCC_WARN_64_TO_32_BIT_CONVERSION = YES;
				GCC_WARN_ABOUT_RETURN_TYPE = YES_ERROR;
				GCC_WARN_UNDECLARED_SELECTOR = YES;
				GCC_WARN_UNINITIALIZED_AUTOS = YES_AGGRESSIVE;
				GCC_WARN_UNUSED_FUNCTION = YES;
				GCC_WARN_UNUSED_VARIABLE = YES;
				IPHONEOS_DEPLOYMENT_TARGET = 9.0;
				MTL_ENABLE_DEBUG_INFO = NO;
				SDKROOT = iphoneos;
				TARGETED_DEVICE_FAMILY = "1,2";
				VALIDATE_PRODUCT = YES;
			};
			name = Release;
		};
		3182E0491BB6F54C00521D7C /* Debug */ = {
			isa = XCBuildConfiguration;
			buildSettings = {
				ASSETCATALOG_COMPILER_APPICON_NAME = AppIcon;
				INFOPLIST_FILE = SeatMe/Info.plist;
				LD_RUNPATH_SEARCH_PATHS = "$(inherited) @executable_path/Frameworks";
				PRODUCT_BUNDLE_IDENTIFIER = com.example.SeatMe;
				PRODUCT_NAME = "$(TARGET_NAME)";
			};
			name = Debug;
		};
		3182E04A1BB6F54C00521D7C /* Release */ = {
			isa = XCBuildConfiguration;
			buildSettings = {
				ASSETCATALOG_COMPILER_APPICON_NAME = AppIcon;
				INFOPLIST_FILE = SeatMe/Info.plist;
				LD_RUNPATH_SEARCH_PATHS = "$(inherited) @executable_path/Frameworks";
				PRODUCT_BUNDLE_IDENTIFIER = com.example.SeatMe;
				PRODUCT_NAME = "$(TARGET_NAME)";
			};
			name = Release;
		};
		3182E04C1BB6F54C00521D7C /* Debug */ = {
			isa = XCBuildConfiguration;
			buildSettings = {
				BUNDLE_LOADER = "$(TEST_HOST)";
				INFOPLIST_FILE = SeatMeTests/Info.plist;
				LD_RUNPATH_SEARCH_PATHS = "$(inherited) @executable_path/Frameworks @loader_path/Frameworks";
				PRODUCT_BUNDLE_IDENTIFIER = com.example.SeatMeTests;
				PRODUCT_NAME = "$(TARGET_NAME)";
				TEST_HOST = "$(BUILT_PRODUCTS_DIR)/SeatMe.app/SeatMe";
			};
			name = Debug;
		};
		3182E04D1BB6F54C00521D7C /* Release */ = {
			isa = XCBuildConfiguration;
			buildSettings = {
				BUNDLE_LOADER = "$(TEST_HOST)";
				INFOPLIST_FILE = SeatMeTests/Info.plist;
				LD_RUNPATH_SEARCH_PATHS = "$(inherited) @executable_path/Frameworks @loader_path/Frameworks";
				PRODUCT_BUNDLE_IDENTIFIER = com.example.SeatMeTests;
				PRODUCT_NAME = "$(TARGET_NAME)";
				TEST_HOST = "$(BUILT_PRODUCTS_DIR)/SeatMe.app/SeatMe";
			};
			name = Release;
		};
		3182E04F1BB6F54C00521D7C /* Debug */ = {
			isa = XCBuildConfiguration;
			buildSettings = {
				INFOPLIST_FILE = SeatMeUITests/Info.plist;
				LD_RUNPATH_SEARCH_PATHS = "$(inherited) @executable_path/Frameworks @loader_path/Frameworks";
				PRODUCT_BUNDLE_IDENTIFIER = com.example.SeatMeUITests;
				PRODUCT_NAME = "$(TARGET_NAME)";
				TEST_TARGET_NAME = SeatMe;
				USES_XCTRUNNER = YES;
			};
			name = Debug;
		};
		3182E0501BB6F54C00521D7C /* Release */ = {
			isa = XCBuildConfiguration;
			buildSettings = {
				INFOPLIST_FILE = SeatMeUITests/Info.plist;
				LD_RUNPATH_SEARCH_PATHS = "$(inherited) @executable_path/Frameworks @loader_path/Frameworks";
				PRODUCT_BUNDLE_IDENTIFIER = com.example.SeatMeUITests;
				PRODUCT_NAME = "$(TARGET_NAME)";
				TEST_TARGET_NAME = SeatMe;
				USES_XCTRUNNER = YES;
			};
			name = Release;
		};
/* End XCBuildConfiguration section */

/* Begin XCConfigurationList section */
		3182E01B1BB6F54C00521D7C /* Build configuration list for PBXProject "SeatMe" */ = {
			isa = XCConfigurationList;
			buildConfigurations = (
				3182E0461BB6F54C00521D7C /* Debug */,
				3182E0471BB6F54C00521D7C /* Release */,
			);
			defaultConfigurationIsVisible = 0;
			defaultConfigurationName = Release;
		};
		3182E0481BB6F54C00521D7C /* Build configuration list for PBXNativeTarget "SeatMe" */ = {
			isa = XCConfigurationList;
			buildConfigurations = (
				3182E0491BB6F54C00521D7C /* Debug */,
				3182E04A1BB6F54C00521D7C /* Release */,
			);
			defaultConfigurationIsVisible = 0;
		};
		3182E04B1BB6F54C00521D7C /* Build configuration list for PBXNativeTarget "SeatMeTests" */ = {
			isa = XCConfigurationList;
			buildConfigurations = (
				3182E04C1BB6F54C00521D7C /* Debug */,
				3182E04D1BB6F54C00521D7C /* Release */,
			);
			defaultConfigurationIsVisible = 0;
		};
		3182E04E1BB6F54C00521D7C /* Build configuration list for PBXNativeTarget "SeatMeUITests" */ = {
			isa = XCConfigurationList;
			buildConfigurations = (
				3182E04F1BB6F54C00521D7C /* Debug */,
				3182E0501BB6F54C00521D7C /* Release */,
			);
			defaultConfigurationIsVisible = 0;
		};
/* End XCConfigurationList section */
	};
	rootObject = 3182E0181BB6F54C00521D7C /* Project object */;
}
